
Microsoft Visual Studio Solution File, Format Version 12.00
# Visual Studio Version 16
VisualStudioVersion = 16.0.30204.135
MinimumVisualStudioVersion = 10.0.40219.1
Project("{9A19103F-16F7-4668-BE54-9A1E7A4F7556}") = "LabNotas", "LabNotas\LabNotas.csproj", "{6AE36951-2EC1-4CB8-A8F1-53397EFD79D8}"
EndProject
Project("{FAE04EC0-301F-11D3-BF4B-00C04F79EFBC}") = "LabNotasTests", "LabNotasTests\LabNotasTests.csproj", "{55EC014D-5C78-4E44-B4D7-F0C55E9C397A}"
EndProject
Global
	GlobalSection(SolutionConfigurationPlatforms) = preSolution
		Debug|Any CPU = Debug|Any CPU
		Release|Any CPU = Release|Any CPU
	EndGlobalSection
	GlobalSection(ProjectConfigurationPlatforms) = postSolution
		{6AE36951-2EC1-4CB8-A8F1-53397EFD79D8}.Debug|Any CPU.ActiveCfg = Debug|Any CPU
		{6AE36951-2EC1-4CB8-A8F1-53397EFD79D8}.Debug|Any CPU.Build.0 = Debug|Any CPU
		{6AE36951-2EC1-4CB8-A8F1-53397EFD79D8}.Release|Any CPU.ActiveCfg = Release|Any CPU
		{6AE36951-2EC1-4CB8-A8F1-53397EFD79D8}.Release|Any CPU.Build.0 = Release|Any CPU
		{55EC014D-5C78-4E44-B4D7-F0C55E9C397A}.Debug|Any CPU.ActiveCfg = Debug|Any CPU
		{55EC014D-5C78-4E44-B4D7-F0C55E9C397A}.Debug|Any CPU.Build.0 = Debug|Any CPU
		{55EC014D-5C78-4E44-B4D7-F0C55E9C397A}.Release|Any CPU.ActiveCfg = Release|Any CPU
		{55EC014D-5C78-4E44-B4D7-F0C55E9C397A}.Release|Any CPU.Build.0 = Release|Any CPU
	EndGlobalSection
	GlobalSection(SolutionProperties) = preSolution
		HideSolutionNode = FALSE
	EndGlobalSection
	GlobalSection(ExtensibilityGlobals) = postSolution
		SolutionGuid = {C1C9B931-3E8A-49A4-AA0B-71735BABA36D}
	EndGlobalSection
EndGlobal
